# This file was autogenerated by Stack.
# You should not edit this file by hand.
# For more information, please see the documentation at:
#   https://docs.haskellstack.org/en/stable/lock_files

packages:
- completed:
    hackage: Cabal-3.0.0.0@sha256:1ba37b8d80e89213b17db7b8b9ea0108da55ca65f8c0cbb7433881a284c5cf67,26027
    pantry-tree:
      size: 71616
      sha256: 4f16f0a65304ab22f01cb7f6d25db2f15a168f4cefacde7864cb1e02eb3ea867
  original:
    hackage: Cabal-3.0.0.0@rev:0
- completed:
    hackage: cabal-plan-0.5.0.0@sha256:7767dd53b7bd56298407b735439715c31a3b926521869df1e7ee32333036d05a,5485
    pantry-tree:
      size: 716
      sha256: ce748d56dfa24d00d64cb46eb8f953102705f316989f3c680cb7bd5d5bc7a446
  original:
    hackage: cabal-plan-0.5.0.0@rev:1
- completed:
    hackage: lens-4.18@sha256:58c9736c65ab75aa1833098b0cac72d483aee9d953d2a83061ac8e0b555d0f96,15446
    pantry-tree:
      size: 8253
      sha256: 4873d933bf39b75191f8b0b61cf76c27e12742499314d56cc38a7051718bed21
  original:
    hackage: lens-4.18@rev:0
snapshots:
- completed:
    size: 529316
    url: https://raw.githubusercontent.com/commercialhaskell/stackage-snapshots/master/nightly/2019/9/12.yaml
    sha256: 33fc8421a7b0af228e818f84c0a227bc2083ce25740d9083273065acf7e7159f
  original: nightly-2019-09-12
